
Microsoft Visual Studio Solution File, Format Version 12.00
# Visual Studio Version 17
VisualStudioVersion = 17.6.33829.357
MinimumVisualStudioVersion = 10.0.40219.1
Project("{FAE04EC0-301F-11D3-BF4B-00C04F79EFBC}") = "ArchiSteamManager", "ArchiSteamManager\ArchiSteamManager.csproj", "{EE82CC2A-60FF-457C-992E-BE00F77862A1}"
EndProject
Global
	GlobalSection(SolutionConfigurationPlatforms) = preSolution
		Debug|Any CPU = Debug|Any CPU
		Release|Any CPU = Release|Any CPU
	EndGlobalSection
	GlobalSection(ProjectConfigurationPlatforms) = postSolution
		{EE82CC2A-60FF-457C-992E-BE00F77862A1}.Debug|Any CPU.ActiveCfg = Debug|Any CPU
		{EE82CC2A-60FF-457C-992E-BE00F77862A1}.Debug|Any CPU.Build.0 = Debug|Any CPU
		{EE82CC2A-60FF-457C-992E-BE00F77862A1}.Release|Any CPU.ActiveCfg = Release|Any CPU
		{EE82CC2A-60FF-457C-992E-BE00F77862A1}.Release|Any CPU.Build.0 = Release|Any CPU
	EndGlobalSection
	GlobalSection(SolutionProperties) = preSolution
		HideSolutionNode = FALSE
	EndGlobalSection
	GlobalSection(ExtensibilityGlobals) = postSolution
		SolutionGuid = {09AC6959-665D-434D-B8E9-92184FD19E1C}
	EndGlobalSection
EndGlobal
